
Microsoft Visual Studio Solution File, Format Version 12.00
# Visual Studio Version 17
VisualStudioVersion = 17.9.34728.123
MinimumVisualStudioVersion = 10.0.40219.1
Project("{FAE04EC0-301F-11D3-BF4B-00C04F79EFBC}") = "csharp-typesystem-snacks", "csharp-typesystem-snacks.csproj", "{D81BF69A-8DB3-4444-A79D-7C6326BEC2DB}"
EndProject
Global
	GlobalSection(SolutionConfigurationPlatforms) = preSolution
		Debug|Any CPU = Debug|Any CPU
		Release|Any CPU = Release|Any CPU
	EndGlobalSection
	GlobalSection(ProjectConfigurationPlatforms) = postSolution
		{D81BF69A-8DB3-4444-A79D-7C6326BEC2DB}.Debug|Any CPU.ActiveCfg = Debug|Any CPU
		{D81BF69A-8DB3-4444-A79D-7C6326BEC2DB}.Debug|Any CPU.Build.0 = Debug|Any CPU
		{D81BF69A-8DB3-4444-A79D-7C6326BEC2DB}.Release|Any CPU.ActiveCfg = Release|Any CPU
		{D81BF69A-8DB3-4444-A79D-7C6326BEC2DB}.Release|Any CPU.Build.0 = Release|Any CPU
	EndGlobalSection
	GlobalSection(SolutionProperties) = preSolution
		HideSolutionNode = FALSE
	EndGlobalSection
	GlobalSection(ExtensibilityGlobals) = postSolution
		SolutionGuid = {E1D44E92-156D-4904-A383-AFC31846FA74}
	EndGlobalSection
EndGlobal
